
Microsoft Visual Studio Solution File, Format Version 12.00
# Visual Studio 15
VisualStudioVersion = 15.0.27428.2037
MinimumVisualStudioVersion = 10.0.40219.1
Project("{FAE04EC0-301F-11D3-BF4B-00C04F79EFBC}") = "BDlab3", "BDlab3\BDlab3.csproj", "{872C5F69-BAA1-40F1-A24F-94311DEE5870}"
EndProject
Global
	GlobalSection(SolutionConfigurationPlatforms) = preSolution
		Debug|Any CPU = Debug|Any CPU
		Release|Any CPU = Release|Any CPU
	EndGlobalSection
	GlobalSection(ProjectConfigurationPlatforms) = postSolution
		{872C5F69-BAA1-40F1-A24F-94311DEE5870}.Debug|Any CPU.ActiveCfg = Debug|Any CPU
		{872C5F69-BAA1-40F1-A24F-94311DEE5870}.Debug|Any CPU.Build.0 = Debug|Any CPU
		{872C5F69-BAA1-40F1-A24F-94311DEE5870}.Release|Any CPU.ActiveCfg = Release|Any CPU
		{872C5F69-BAA1-40F1-A24F-94311DEE5870}.Release|Any CPU.Build.0 = Release|Any CPU
	EndGlobalSection
	GlobalSection(SolutionProperties) = preSolution
		HideSolutionNode = FALSE
	EndGlobalSection
	GlobalSection(ExtensibilityGlobals) = postSolution
		SolutionGuid = {C297B574-7CB0-45B0-8868-671074717C0E}
	EndGlobalSection
EndGlobal
